
Microsoft Visual Studio Solution File, Format Version 12.00
# Visual Studio 15
VisualStudioVersion = 15.0.28307.329
MinimumVisualStudioVersion = 10.0.40219.1
Project("{FAE04EC0-301F-11D3-BF4B-00C04F79EFBC}") = "BiluthyrningABReact", "BiluthyrningABReact\BiluthyrningABReact.csproj", "{6E39A389-560C-45EB-A527-DE54E8D95199}"
EndProject
Global
	GlobalSection(SolutionConfigurationPlatforms) = preSolution
		Debug|Any CPU = Debug|Any CPU
		Release|Any CPU = Release|Any CPU
	EndGlobalSection
	GlobalSection(ProjectConfigurationPlatforms) = postSolution
		{6E39A389-560C-45EB-A527-DE54E8D95199}.Debug|Any CPU.ActiveCfg = Debug|Any CPU
		{6E39A389-560C-45EB-A527-DE54E8D95199}.Debug|Any CPU.Build.0 = Debug|Any CPU
		{6E39A389-560C-45EB-A527-DE54E8D95199}.Release|Any CPU.ActiveCfg = Release|Any CPU
		{6E39A389-560C-45EB-A527-DE54E8D95199}.Release|Any CPU.Build.0 = Release|Any CPU
	EndGlobalSection
	GlobalSection(SolutionProperties) = preSolution
		HideSolutionNode = FALSE
	EndGlobalSection
	GlobalSection(ExtensibilityGlobals) = postSolution
		SolutionGuid = {5DECCC0C-69EE-4718-878D-D0D893D456EA}
	EndGlobalSection
EndGlobal
